
Microsoft Visual Studio Solution File, Format Version 12.00
# Visual Studio Version 17
VisualStudioVersion = 17.6.33723.286
MinimumVisualStudioVersion = 10.0.40219.1
Project("{9A19103F-16F7-4668-BE54-9A1E7A4F7556}") = "Backend", "Backend.csproj", "{870888C0-F13F-48BA-86C7-11C46BFADB43}"
EndProject
Project("{9A19103F-16F7-4668-BE54-9A1E7A4F7556}") = "CommonAuth", "..\Common\CommonAuth\CommonAuth.csproj", "{7044A96E-99E1-486E-BF4B-38351D7DF363}"
EndProject
Project("{FAE04EC0-301F-11D3-BF4B-00C04F79EFBC}") = "CommonBack", "..\Common\CommonBack\CommonBack\CommonBack.csproj", "{EE6511DF-DD7A-4E7E-8903-B577F2C7D887}"
EndProject
Project("{9A19103F-16F7-4668-BE54-9A1E7A4F7556}") = "RabbitMQService", "..\ReadWriteMessage\RabbitMQService.csproj", "{CFE5C535-07B3-40F3-8692-1C810CFFBA3E}"
EndProject
Global
	GlobalSection(SolutionConfigurationPlatforms) = preSolution
		Debug|Any CPU = Debug|Any CPU
		Release|Any CPU = Release|Any CPU
	EndGlobalSection
	GlobalSection(ProjectConfigurationPlatforms) = postSolution
		{870888C0-F13F-48BA-86C7-11C46BFADB43}.Debug|Any CPU.ActiveCfg = Debug|Any CPU
		{870888C0-F13F-48BA-86C7-11C46BFADB43}.Debug|Any CPU.Build.0 = Debug|Any CPU
		{870888C0-F13F-48BA-86C7-11C46BFADB43}.Release|Any CPU.ActiveCfg = Release|Any CPU
		{870888C0-F13F-48BA-86C7-11C46BFADB43}.Release|Any CPU.Build.0 = Release|Any CPU
		{7044A96E-99E1-486E-BF4B-38351D7DF363}.Debug|Any CPU.ActiveCfg = Debug|Any CPU
		{7044A96E-99E1-486E-BF4B-38351D7DF363}.Debug|Any CPU.Build.0 = Debug|Any CPU
		{7044A96E-99E1-486E-BF4B-38351D7DF363}.Release|Any CPU.ActiveCfg = Release|Any CPU
		{7044A96E-99E1-486E-BF4B-38351D7DF363}.Release|Any CPU.Build.0 = Release|Any CPU
		{EE6511DF-DD7A-4E7E-8903-B577F2C7D887}.Debug|Any CPU.ActiveCfg = Debug|Any CPU
		{EE6511DF-DD7A-4E7E-8903-B577F2C7D887}.Debug|Any CPU.Build.0 = Debug|Any CPU
		{EE6511DF-DD7A-4E7E-8903-B577F2C7D887}.Release|Any CPU.ActiveCfg = Release|Any CPU
		{EE6511DF-DD7A-4E7E-8903-B577F2C7D887}.Release|Any CPU.Build.0 = Release|Any CPU
		{CFE5C535-07B3-40F3-8692-1C810CFFBA3E}.Debug|Any CPU.ActiveCfg = Debug|Any CPU
		{CFE5C535-07B3-40F3-8692-1C810CFFBA3E}.Debug|Any CPU.Build.0 = Debug|Any CPU
		{CFE5C535-07B3-40F3-8692-1C810CFFBA3E}.Release|Any CPU.ActiveCfg = Release|Any CPU
		{CFE5C535-07B3-40F3-8692-1C810CFFBA3E}.Release|Any CPU.Build.0 = Release|Any CPU
	EndGlobalSection
	GlobalSection(SolutionProperties) = preSolution
		HideSolutionNode = FALSE
	EndGlobalSection
	GlobalSection(ExtensibilityGlobals) = postSolution
		SolutionGuid = {D0E1CAF1-8303-4787-929B-2FD044E3FB7A}
	EndGlobalSection
EndGlobal
