
Microsoft Visual Studio Solution File, Format Version 12.00
# Visual Studio Version 17
VisualStudioVersion = 17.3.32929.385
MinimumVisualStudioVersion = 10.0.40219.1
Project("{9A19103F-16F7-4668-BE54-9A1E7A4F7556}") = "Authorization.Contracts", "Authorization\Authorization.Contracts.csproj", "{4F6DC0C6-49EE-4D51-BFBD-8558B65439BE}"
EndProject
Project("{9A19103F-16F7-4668-BE54-9A1E7A4F7556}") = "Chat.Contracts", "Chat\Chat.Contracts.csproj", "{C211EACF-6919-4984-8A11-E48C4F16CA90}"
EndProject
Global
	GlobalSection(SolutionConfigurationPlatforms) = preSolution
		Debug|Any CPU = Debug|Any CPU
		Release|Any CPU = Release|Any CPU
	EndGlobalSection
	GlobalSection(ProjectConfigurationPlatforms) = postSolution
		{4F6DC0C6-49EE-4D51-BFBD-8558B65439BE}.Debug|Any CPU.ActiveCfg = Debug|Any CPU
		{4F6DC0C6-49EE-4D51-BFBD-8558B65439BE}.Debug|Any CPU.Build.0 = Debug|Any CPU
		{4F6DC0C6-49EE-4D51-BFBD-8558B65439BE}.Release|Any CPU.ActiveCfg = Release|Any CPU
		{4F6DC0C6-49EE-4D51-BFBD-8558B65439BE}.Release|Any CPU.Build.0 = Release|Any CPU
		{C211EACF-6919-4984-8A11-E48C4F16CA90}.Debug|Any CPU.ActiveCfg = Debug|Any CPU
		{C211EACF-6919-4984-8A11-E48C4F16CA90}.Debug|Any CPU.Build.0 = Debug|Any CPU
		{C211EACF-6919-4984-8A11-E48C4F16CA90}.Release|Any CPU.ActiveCfg = Release|Any CPU
		{C211EACF-6919-4984-8A11-E48C4F16CA90}.Release|Any CPU.Build.0 = Release|Any CPU
	EndGlobalSection
	GlobalSection(SolutionProperties) = preSolution
		HideSolutionNode = FALSE
	EndGlobalSection
	GlobalSection(ExtensibilityGlobals) = postSolution
		SolutionGuid = {C20519D3-545A-49DB-A6F8-729F04AE0E8B}
	EndGlobalSection
EndGlobal
